// !$*UTF8*$!
{
	archiveVersion = 1;
	classes = {
	};
	objectVersion = 50;
	objects = {

/* Begin PBXBuildFile section */
		AAA9849825D8EB6D0048781B /* AppDelegate.swift in Sources */ = {isa = PBXBuildFile; fileRef = AAA9849725D8EB6D0048781B /* AppDelegate.swift */; };
		AAA9849A25D8EB6D0048781B /* SceneDelegate.swift in Sources */ = {isa = PBXBuildFile; fileRef = AAA9849925D8EB6D0048781B /* SceneDelegate.swift */; };
		AAA9849C25D8EB6D0048781B /* ViewController.swift in Sources */ = {isa = PBXBuildFile; fileRef = AAA9849B25D8EB6D0048781B /* ViewController.swift */; };
		AAA9849F25D8EB6D0048781B /* Main.storyboard in Resources */ = {isa = PBXBuildFile; fileRef = AAA9849D25D8EB6D0048781B /* Main.storyboard */; };
		AAA984A125D8EB6F0048781B /* Assets.xcassets in Resources */ = {isa = PBXBuildFile; fileRef = AAA984A025D8EB6F0048781B /* Assets.xcassets */; };
		AAA984A425D8EB6F0048781B /* LaunchScreen.storyboard in Resources */ = {isa = PBXBuildFile; fileRef = AAA984A225D8EB6F0048781B /* LaunchScreen.storyboard */; };
		AAA984AF25D8EC060048781B /* Aranet4ViewController.swift in Sources */ = {isa = PBXBuildFile; fileRef = AAA984AD25D8EC060048781B /* Aranet4ViewController.swift */; };
		AAA984B025D8EC060048781B /* GoogleSheetsIntegration.swift in Sources */ = {isa = PBXBuildFile; fileRef = AAA984AE25D8EC060048781B /* GoogleSheetsIntegration.swift */; };
		AAA984B325D8EC420048781B /* LocationViewController.swift in Sources */ = {isa = PBXBuildFile; fileRef = AAA984B225D8EC420048781B /* LocationViewController.swift */; };
/* End PBXBuildFile section */

/* Begin PBXFileReference section */
		AAA9849425D8EB6D0048781B /* Sensor002.app */ = {isa = PBXFileReference; explicitFileType = wrapper.application; includeInIndex = 0; path = Sensor002.app; sourceTree = BUILT_PRODUCTS_DIR; };
		AAA9849725D8EB6D0048781B /* AppDelegate.swift */ = {isa = PBXFileReference; lastKnownFileType = sourcecode.swift; path = AppDelegate.swift; sourceTree = "<group>"; };
		AAA9849925D8EB6D0048781B /* SceneDelegate.swift */ = {isa = PBXFileReference; lastKnownFileType = sourcecode.swift; path = SceneDelegate.swift; sourceTree = "<group>"; };
		AAA9849B25D8EB6D0048781B /* ViewController.swift */ = {isa = PBXFileReference; lastKnownFileType = sourcecode.swift; path = ViewController.swift; sourceTree = "<group>"; };
		AAA9849E25D8EB6D0048781B /* Base */ = {isa = PBXFileReference; lastKnownFileType = file.storyboard; name = Base; path = Base.lproj/Main.storyboard; sourceTree = "<group>"; };
		AAA984A025D8EB6F0048781B /* Assets.xcassets */ = {isa = PBXFileReference; lastKnownFileType = folder.assetcatalog; path = Assets.xcassets; sourceTree = "<group>"; };
		AAA984A325D8EB6F0048781B /* Base */ = {isa = PBXFileReference; lastKnownFileType = file.storyboard; name = Base; path = Base.lproj/LaunchScreen.storyboard; sourceTree = "<group>"; };
		AAA984A525D8EB6F0048781B /* Info.plist */ = {isa = PBXFileReference; lastKnownFileType = text.plist.xml; path = Info.plist; sourceTree = "<group>"; };
		AAA984AD25D8EC060048781B /* Aranet4ViewController.swift */ = {isa = PBXFileReference; fileEncoding = 4; lastKnownFileType = sourcecode.swift; path = Aranet4ViewController.swift; sourceTree = "<group>"; };
		AAA984AE25D8EC060048781B /* GoogleSheetsIntegration.swift */ = {isa = PBXFileReference; fileEncoding = 4; lastKnownFileType = sourcecode.swift; path = GoogleSheetsIntegration.swift; sourceTree = "<group>"; };
		AAA984B225D8EC420048781B /* LocationViewController.swift */ = {isa = PBXFileReference; fileEncoding = 4; lastKnownFileType = sourcecode.swift; path = LocationViewController.swift; sourceTree = "<group>"; };
/* End PBXFileReference section */

/* Begin PBXFrameworksBuildPhase section */
		AAA9849125D8EB6D0048781B /* Frameworks */ = {
			isa = PBXFrameworksBuildPhase;
			buildActionMask = 2147483647;
			files = (
			);
			runOnlyForDeploymentPostprocessing = 0;
		};
/* End PBXFrameworksBuildPhase section */

/* Begin PBXGroup section */
		AAA9848B25D8EB6D0048781B = {
			isa = PBXGroup;
			children = (
				AAA9849625D8EB6D0048781B /* Sensor002 */,
				AAA9849525D8EB6D0048781B /* Products */,
			);
			sourceTree = "<group>";
		};
		AAA9849525D8EB6D0048781B /* Products */ = {
			isa = PBXGroup;
			children = (
				AAA9849425D8EB6D0048781B /* Sensor002.app */,
			);
			name = Products;
			sourceTree = "<group>";
		};
		AAA9849625D8EB6D0048781B /* Sensor002 */ = {
			isa = PBXGroup;
			children = (
				AAA984B225D8EC420048781B /* LocationViewController.swift */,
				AAA984AD25D8EC060048781B /* Aranet4ViewController.swift */,
				AAA984AE25D8EC060048781B /* GoogleSheetsIntegration.swift */,
				AAA9849725D8EB6D0048781B /* AppDelegate.swift */,
				AAA9849925D8EB6D0048781B /* SceneDelegate.swift */,
				AAA9849B25D8EB6D0048781B /* ViewController.swift */,
				AAA9849D25D8EB6D0048781B /* Main.storyboard */,
				AAA984A025D8EB6F0048781B /* Assets.xcassets */,
				AAA984A225D8EB6F0048781B /* LaunchScreen.storyboard */,
				AAA984A525D8EB6F0048781B /* Info.plist */,
			);
			path = Sensor002;
			sourceTree = "<group>";
		};
/* End PBXGroup section */

/* Begin PBXNativeTarget section */
		AAA9849325D8EB6D0048781B /* Sensor002 */ = {
			isa = PBXNativeTarget;
			buildConfigurationList = AAA984A825D8EB6F0048781B /* Build configuration list for PBXNativeTarget "Sensor002" */;
			buildPhases = (
				AAA9849025D8EB6D0048781B /* Sources */,
				AAA9849125D8EB6D0048781B /* Frameworks */,
				AAA9849225D8EB6D0048781B /* Resources */,
			);
			buildRules = (
			);
			dependencies = (
			);
			name = Sensor002;
			productName = Sensor002;
			productReference = AAA9849425D8EB6D0048781B /* Sensor002.app */;
			productType = "com.apple.product-type.application";
		};
/* End PBXNativeTarget section */

/* Begin PBXProject section */
		AAA9848C25D8EB6D0048781B /* Project object */ = {
			isa = PBXProject;
			attributes = {
				LastSwiftUpdateCheck = 1240;
				LastUpgradeCheck = 1240;
				TargetAttributes = {
					AAA9849325D8EB6D0048781B = {
						CreatedOnToolsVersion = 12.4;
					};
				};
			};
			buildConfigurationList = AAA9848F25D8EB6D0048781B /* Build configuration list for PBXProject "Sensor002" */;
			compatibilityVersion = "Xcode 9.3";
			developmentRegion = en;
			hasScannedForEncodings = 0;
			knownRegions = (
				en,
				Base,
			);
			mainGroup = AAA9848B25D8EB6D0048781B;
			productRefGroup = AAA9849525D8EB6D0048781B /* Products */;
			projectDirPath = "";
			projectRoot = "";
			targets = (
				AAA9849325D8EB6D0048781B /* Sensor002 */,
			);
		};
/* End PBXProject section */

/* Begin PBXResourcesBuildPhase section */
		AAA9849225D8EB6D0048781B /* Resources */ = {
			isa = PBXResourcesBuildPhase;
			buildActionMask = 2147483647;
			files = (
				AAA984A425D8EB6F0048781B /* LaunchScreen.storyboard in Resources */,
				AAA984A125D8EB6F0048781B /* Assets.xcassets in Resources */,
				AAA9849F25D8EB6D0048781B /* Main.storyboard in Resources */,
			);
			runOnlyForDeploymentPostprocessing = 0;
		};
/* End PBXResourcesBuildPhase section */

/* Begin PBXSourcesBuildPhase section */
		AAA9849025D8EB6D0048781B /* Sources */ = {
			isa = PBXSourcesBuildPhase;
			buildActionMask = 2147483647;
			files = (
				AAA984AF25D8EC060048781B /* Aranet4ViewController.swift in Sources */,
				AAA984B025D8EC060048781B /* GoogleSheetsIntegration.swift in Sources */,
				AAA9849C25D8EB6D0048781B /* ViewController.swift in Sources */,
				AAA984B325D8EC420048781B /* LocationViewController.swift in Sources */,
				AAA9849825D8EB6D0048781B /* AppDelegate.swift in Sources */,
				AAA9849A25D8EB6D0048781B /* SceneDelegate.swift in Sources */,
			);
			runOnlyForDeploymentPostprocessing = 0;
		};
/* End PBXSourcesBuildPhase section */

/* Begin PBXVariantGroup section */
		AAA9849D25D8EB6D0048781B /* Main.storyboard */ = {
			isa = PBXVariantGroup;
			children = (
				AAA9849E25D8EB6D0048781B /* Base */,
			);
			name = Main.storyboard;
			sourceTree = "<group>";
		};
		AAA984A225D8EB6F0048781B /* LaunchScreen.storyboard */ = {
			isa = PBXVariantGroup;
			children = (
				AAA984A325D8EB6F0048781B /* Base */,
			);
			name = LaunchScreen.storyboard;
			sourceTree = "<group>";
		};
/* End PBXVariantGroup section */

/* Begin XCBuildConfiguration section */
		AAA984A625D8EB6F0048781B /* Debug */ = {
			isa = XCBuildConfiguration;
			buildSettings = {
				ALWAYS_SEARCH_USER_PATHS = NO;
				CLANG_ANALYZER_NONNULL = YES;
				CLANG_ANALYZER_NUMBER_OBJECT_CONVERSION = YES_AGGRESSIVE;
				CLANG_CXX_LANGUAGE_STANDARD = "gnu++14";
				CLANG_CXX_LIBRARY = "libc++";
				CLANG_ENABLE_MODULES = YES;
				CLANG_ENABLE_OBJC_ARC = YES;
				CLANG_ENABLE_OBJC_WEAK = YES;
				CLANG_WARN_BLOCK_CAPTURE_AUTORELEASING = YES;
				CLANG_WARN_BOOL_CONVERSION = YES;
				CLANG_WARN_COMMA = YES;
				CLANG_WARN_CONSTANT_CONVERSION = YES;
				CLANG_WARN_DEPRECATED_OBJC_IMPLEMENTATIONS = YES;
				CLANG_WARN_DIRECT_OBJC_ISA_USAGE = YES_ERROR;
				CLANG_WARN_DOCUMENTATION_COMMENTS = YES;
				CLANG_WARN_EMPTY_BODY = YES;
				CLANG_WARN_ENUM_CONVERSION = YES;
				CLANG_WARN_INFINITE_RECURSION = YES;
				CLANG_WARN_INT_CONVERSION = YES;
				CLANG_WARN_NON_LITERAL_NULL_CONVERSION = YES;
				CLANG_WARN_OBJC_IMPLICIT_RETAIN_SELF = YES;
				CLANG_WARN_OBJC_LITERAL_CONVERSION = YES;
				CLANG_WARN_OBJC_ROOT_CLASS = YES_ERROR;
				CLANG_WARN_QUOTED_INCLUDE_IN_FRAMEWORK_HEADER = YES;
				CLANG_WARN_RANGE_LOOP_ANALYSIS = YES;
				CLANG_WARN_STRICT_PROTOTYPES = YES;
				CLANG_WARN_SUSPICIOUS_MOVE = YES;
				CLANG_WARN_UNGUARDED_AVAILABILITY = YES_AGGRESSIVE;
				CLANG_WARN_UNREACHABLE_CODE = YES;
				CLANG_WARN__DUPLICATE_METHOD_MATCH = YES;
				COPY_PHASE_STRIP = NO;
				DEBUG_INFORMATION_FORMAT = dwarf;
				ENABLE_STRICT_OBJC_MSGSEND = YES;
				ENABLE_TESTABILITY = YES;
				GCC_C_LANGUAGE_STANDARD = gnu11;
				GCC_DYNAMIC_NO_PIC = NO;
				GCC_NO_COMMON_BLOCKS = YES;
				GCC_OPTIMIZATION_LEVEL = 0;
				GCC_PREPROCESSOR_DEFINITIONS = (
					"DEBUG=1",
					"$(inherited)",
				);
				GCC_WARN_64_TO_32_BIT_CONVERSION = YES;
				GCC_WARN_ABOUT_RETURN_TYPE = YES_ERROR;
				GCC_WARN_UNDECLARED_SELECTOR = YES;
				GCC_WARN_UNINITIALIZED_AUTOS = YES_AGGRESSIVE;
				GCC_WARN_UNUSED_FUNCTION = YES;
				GCC_WARN_UNUSED_VARIABLE = YES;
				IPHONEOS_DEPLOYMENT_TARGET = 14.4;
				MTL_ENABLE_DEBUG_INFO = INCLUDE_SOURCE;
				MTL_FAST_MATH = YES;
				ONLY_ACTIVE_ARCH = YES;
				SDKROOT = iphoneos;
				SWIFT_ACTIVE_COMPILATION_CONDITIONS = DEBUG;
				SWIFT_OPTIMIZATION_LEVEL = "-Onone";
			};
			name = Debug;
		};
		AAA984A725D8EB6F0048781B /* Release */ = {
			isa = XCBuildConfiguration;
			buildSettings = {
				ALWAYS_SEARCH_USER_PATHS = NO;
				CLANG_ANALYZER_NONNULL = YES;
				CLANG_ANALYZER_NUMBER_OBJECT_CONVERSION = YES_AGGRESSIVE;
				CLANG_CXX_LANGUAGE_STANDARD = "gnu++14";
				CLANG_CXX_LIBRARY = "libc++";
				CLANG_ENABLE_MODULES = YES;
				CLANG_ENABLE_OBJC_ARC = YES;
				CLANG_ENABLE_OBJC_WEAK = YES;
				CLANG_WARN_BLOCK_CAPTURE_AUTORELEASING = YES;
				CLANG_WARN_BOOL_CONVERSION = YES;
				CLANG_WARN_COMMA = YES;
				CLANG_WARN_CONSTANT_CONVERSION = YES;
				CLANG_WARN_DEPRECATED_OBJC_IMPLEMENTATIONS = YES;
				CLANG_WARN_DIRECT_OBJC_ISA_USAGE = YES_ERROR;
				CLANG_WARN_DOCUMENTATION_COMMENTS = YES;
				CLANG_WARN_EMPTY_BODY = YES;
				CLANG_WARN_ENUM_CONVERSION = YES;
				CLANG_WARN_INFINITE_RECURSION = YES;
				CLANG_WARN_INT_CONVERSION = YES;
				CLANG_WARN_NON_LITERAL_NULL_CONVERSION = YES;
				CLANG_WARN_OBJC_IMPLICIT_RETAIN_SELF = YES;
				CLANG_WARN_OBJC_LITERAL_CONVERSION = YES;
				CLANG_WARN_OBJC_ROOT_CLASS = YES_ERROR;
				CLANG_WARN_QUOTED_INCLUDE_IN_FRAMEWORK_HEADER = YES;
				CLANG_WARN_RANGE_LOOP_ANALYSIS = YES;
				CLANG_WARN_STRICT_PROTOTYPES = YES;
				CLANG_WARN_SUSPICIOUS_MOVE = YES;
				CLANG_WARN_UNGUARDED_AVAILABILITY = YES_AGGRESSIVE;
				CLANG_WARN_UNREACHABLE_CODE = YES;
				CLANG_WARN__DUPLICATE_METHOD_MATCH = YES;
				COPY_PHASE_STRIP = NO;
				DEBUG_INFORMATION_FORMAT = "dwarf-with-dsym";
				ENABLE_NS_ASSERTIONS = NO;
				ENABLE_STRICT_OBJC_MSGSEND = YES;
				GCC_C_LANGUAGE_STANDARD = gnu11;
				GCC_NO_COMMON_BLOCKS = YES;
				GCC_WARN_64_TO_32_BIT_CONVERSION = YES;
				GCC_WARN_ABOUT_RETURN_TYPE = YES_ERROR;
				GCC_WARN_UNDECLARED_SELECTOR = YES;
				GCC_WARN_UNINITIALIZED_AUTOS = YES_AGGRESSIVE;
				GCC_WARN_UNUSED_FUNCTION = YES;
				GCC_WARN_UNUSED_VARIABLE = YES;
				IPHONEOS_DEPLOYMENT_TARGET = 14.4;
				MTL_ENABLE_DEBUG_INFO = NO;
				MTL_FAST_MATH = YES;
				SDKROOT = iphoneos;
				SWIFT_COMPILATION_MODE = wholemodule;
				SWIFT_OPTIMIZATION_LEVEL = "-O";
				VALIDATE_PRODUCT = YES;
			};
			name = Release;
		};
		AAA984A925D8EB6F0048781B /* Debug */ = {
			isa = XCBuildConfiguration;
			buildSettings = {
				ASSETCATALOG_COMPILER_APPICON_NAME = AppIcon;
				ASSETCATALOG_COMPILER_GLOBAL_ACCENT_COLOR_NAME = AccentColor;
				CODE_SIGN_STYLE = Automatic;
				DEVELOPMENT_TEAM = U4WHYADYH2;
				INFOPLIST_FILE = Sensor002/Info.plist;
				IPHONEOS_DEPLOYMENT_TARGET = 13.0;
				LD_RUNPATH_SEARCH_PATHS = (
					"$(inherited)",
					"@executable_path/Frameworks",
				);
				PRODUCT_BUNDLE_IDENTIFIER = world.aiclub.Sensor002;
				PRODUCT_NAME = "$(TARGET_NAME)";
				SWIFT_VERSION = 5.0;
				TARGETED_DEVICE_FAMILY = "1,2";
			};
			name = Debug;
		};
		AAA984AA25D8EB6F0048781B /* Release */ = {
			isa = XCBuildConfiguration;
			buildSettings = {
				ASSETCATALOG_COMPILER_APPICON_NAME = AppIcon;
				ASSETCATALOG_COMPILER_GLOBAL_ACCENT_COLOR_NAME = AccentColor;
				CODE_SIGN_STYLE = Automatic;
				DEVELOPMENT_TEAM = U4WHYADYH2;
				INFOPLIST_FILE = Sensor002/Info.plist;
				IPHONEOS_DEPLOYMENT_TARGET = 13.0;
				LD_RUNPATH_SEARCH_PATHS = (
					"$(inherited)",
					"@executable_path/Frameworks",
				);
				PRODUCT_BUNDLE_IDENTIFIER = world.aiclub.Sensor002;
				PRODUCT_NAME = "$(TARGET_NAME)";
				SWIFT_VERSION = 5.0;
				TARGETED_DEVICE_FAMILY = "1,2";
			};
			name = Release;
		};
/* End XCBuildConfiguration section */

/* Begin XCConfigurationList section */
		AAA9848F25D8EB6D0048781B /* Build configuration list for PBXProject "Sensor002" */ = {
			isa = XCConfigurationList;
			buildConfigurations = (
				AAA984A625D8EB6F0048781B /* Debug */,
				AAA984A725D8EB6F0048781B /* Release */,
			);
			defaultConfigurationIsVisible = 0;
			defaultConfigurationName = Release;
		};
		AAA984A825D8EB6F0048781B /* Build configuration list for PBXNativeTarget "Sensor002" */ = {
			isa = XCConfigurationList;
			buildConfigurations = (
				AAA984A925D8EB6F0048781B /* Debug */,
				AAA984AA25D8EB6F0048781B /* Release */,
			);
			defaultConfigurationIsVisible = 0;
			defaultConfigurationName = Release;
		};
/* End XCConfigurationList section */
	};
	rootObject = AAA9848C25D8EB6D0048781B /* Project object */;
}
